
Microsoft Visual Studio Solution File, Format Version 12.00
# Visual Studio Version 16
VisualStudioVersion = 16.0.31911.196
MinimumVisualStudioVersion = 10.0.40219.1
Project("{FAE04EC0-301F-11D3-BF4B-00C04F79EFBC}") = "BudgetApp", "BudgetApp\BudgetApp.csproj", "{B102BB29-A657-48D8-94B5-D0D2F03F69D6}"
EndProject
Global
	GlobalSection(SolutionConfigurationPlatforms) = preSolution
		Debug|Any CPU = Debug|Any CPU
		Release|Any CPU = Release|Any CPU
	EndGlobalSection
	GlobalSection(ProjectConfigurationPlatforms) = postSolution
		{B102BB29-A657-48D8-94B5-D0D2F03F69D6}.Debug|Any CPU.ActiveCfg = Debug|Any CPU
		{B102BB29-A657-48D8-94B5-D0D2F03F69D6}.Debug|Any CPU.Build.0 = Debug|Any CPU
		{B102BB29-A657-48D8-94B5-D0D2F03F69D6}.Release|Any CPU.ActiveCfg = Release|Any CPU
		{B102BB29-A657-48D8-94B5-D0D2F03F69D6}.Release|Any CPU.Build.0 = Release|Any CPU
	EndGlobalSection
	GlobalSection(SolutionProperties) = preSolution
		HideSolutionNode = FALSE
	EndGlobalSection
	GlobalSection(ExtensibilityGlobals) = postSolution
		SolutionGuid = {34D6FF17-8FF3-44B0-B06A-C0D136A8DD1E}
	EndGlobalSection
EndGlobal
